
Microsoft Visual Studio Solution File, Format Version 12.00
# Visual Studio 14
VisualStudioVersion = 14.0.25420.1
MinimumVisualStudioVersion = 10.0.40219.1
Project("{8BC9CEB8-8B4A-11D0-8D11-00A0C91BC942}") = "CosmoStation 14 Server", "CosmoStation 14 Server\CosmoStation 14 Server.vcxproj", "{DEBEB8E1-852C-4390-AE94-78FBE8921A2D}"
EndProject
Project("{8BC9CEB8-8B4A-11D0-8D11-00A0C91BC942}") = "CosmoStation 14 Client", "CosmoStation 14 Client\CosmoStation 14 Client.vcxproj", "{0C5A3E7C-5FA9-4304-8230-EE88567B4ECE}"
EndProject
Global
	GlobalSection(SolutionConfigurationPlatforms) = preSolution
		Debug|x64 = Debug|x64
		Debug|x86 = Debug|x86
		Release|x64 = Release|x64
		Release|x86 = Release|x86
	EndGlobalSection
	GlobalSection(ProjectConfigurationPlatforms) = postSolution
		{DEBEB8E1-852C-4390-AE94-78FBE8921A2D}.Debug|x64.ActiveCfg = Debug|x64
		{DEBEB8E1-852C-4390-AE94-78FBE8921A2D}.Debug|x64.Build.0 = Debug|x64
		{DEBEB8E1-852C-4390-AE94-78FBE8921A2D}.Debug|x86.ActiveCfg = Debug|Win32
		{DEBEB8E1-852C-4390-AE94-78FBE8921A2D}.Debug|x86.Build.0 = Debug|Win32
		{DEBEB8E1-852C-4390-AE94-78FBE8921A2D}.Release|x64.ActiveCfg = Release|x64
		{DEBEB8E1-852C-4390-AE94-78FBE8921A2D}.Release|x64.Build.0 = Release|x64
		{DEBEB8E1-852C-4390-AE94-78FBE8921A2D}.Release|x86.ActiveCfg = Release|Win32
		{DEBEB8E1-852C-4390-AE94-78FBE8921A2D}.Release|x86.Build.0 = Release|Win32
		{0C5A3E7C-5FA9-4304-8230-EE88567B4ECE}.Debug|x64.ActiveCfg = Debug|x64
		{0C5A3E7C-5FA9-4304-8230-EE88567B4ECE}.Debug|x64.Build.0 = Debug|x64
		{0C5A3E7C-5FA9-4304-8230-EE88567B4ECE}.Debug|x86.ActiveCfg = Debug|Win32
		{0C5A3E7C-5FA9-4304-8230-EE88567B4ECE}.Debug|x86.Build.0 = Debug|Win32
		{0C5A3E7C-5FA9-4304-8230-EE88567B4ECE}.Release|x64.ActiveCfg = Release|x64
		{0C5A3E7C-5FA9-4304-8230-EE88567B4ECE}.Release|x64.Build.0 = Release|x64
		{0C5A3E7C-5FA9-4304-8230-EE88567B4ECE}.Release|x86.ActiveCfg = Release|Win32
		{0C5A3E7C-5FA9-4304-8230-EE88567B4ECE}.Release|x86.Build.0 = Release|Win32
	EndGlobalSection
	GlobalSection(SolutionProperties) = preSolution
		HideSolutionNode = FALSE
	EndGlobalSection
EndGlobal
